github.com/BurntSushi/toml v1.6.0 h1:dRaEfpa2VI55EwlIW72hMRHdWouJeRF7TPYhI+AUQjk=
github.com/BurntSushi/toml v1.6.0/go.mod h1:ukJfTF/6rtPPRCnwkur4qwRxa8vTRFBF0uk2lLoLwho=
github.com/fsnotify/fsnotify v1.10.1 h1:b0/UzAf9yR5rhf3RPm9gf3ehBPpf0oZKIjtpKrx59Ho=
github.com/fsnotify/fsnotify v1.10.1/go.mod h1:TLheqan6HD6GBK6PrDWyDPBaEV8LspOxvPSjC+bVfgo=
golang.org/x/sys v0.13.0 h1:Af8nKPmuFypiUBjVoU9V20FiaFXOcuZI21p0ycVYYGE=
golang.org/x/sys v0.13.0/go.mod h1:oPkhp1MJrh7nUepCBck5+mAzfO9JrbApNNgaTdGDITg=
